
Microsoft Visual Studio Solution File, Format Version 12.00
# Visual Studio Version 16
VisualStudioVersion = 16.0.30320.27
MinimumVisualStudioVersion = 10.0.40219.1
Project("{FAE04EC0-301F-11D3-BF4B-00C04F79EFBC}") = "WpfChallenge", "WpfChallenge\WpfChallenge.csproj", "{C62F58F6-D867-40AF-93B8-F617E726CFD4}"
EndProject
Project("{2150E333-8FDC-42A3-9474-1A3956D46DE8}") = "0 - Presentation", "0 - Presentation", "{3EC1B53D-C335-4482-9B6C-C9265C934A22}"
EndProject
Project("{2150E333-8FDC-42A3-9474-1A3956D46DE8}") = "1 - Application", "1 - Application", "{F3ACEEB8-0183-4891-81C7-A4139966EED0}"
EndProject
Project("{2150E333-8FDC-42A3-9474-1A3956D46DE8}") = "2 - Domain", "2 - Domain", "{366D56BF-BB6A-44B0-84FB-A03622B1B6B1}"
EndProject
Project("{2150E333-8FDC-42A3-9474-1A3956D46DE8}") = "3 - Infrastructure", "3 - Infrastructure", "{1061E28F-539D-418C-9D00-F6249B0630A6}"
EndProject
Project("{2150E333-8FDC-42A3-9474-1A3956D46DE8}") = "Data", "Data", "{22B786B1-A2D4-4968-B12A-3E27AD381079}"
EndProject
Project("{FAE04EC0-301F-11D3-BF4B-00C04F79EFBC}") = "WpfChallenge.Infrastructure.Data", "WpfChallenge.Infrastructure.Data\WpfChallenge.Infrastructure.Data.csproj", "{8A4A9D2C-995A-4921-A936-A4F031080BBA}"
EndProject
Project("{FAE04EC0-301F-11D3-BF4B-00C04F79EFBC}") = "WpfChallenge.Domain", "WpfChallenge.Domain\WpfChallenge.Domain.csproj", "{DFEF6D48-FC1A-413F-A91F-295FD69021A6}"
EndProject
Project("{FAE04EC0-301F-11D3-BF4B-00C04F79EFBC}") = "WpfChallenge.Application", "WpfChallenge.Application\WpfChallenge.Application.csproj", "{446D300B-449A-4A24-B159-CDB21893462F}"
EndProject
Global
	GlobalSection(SolutionConfigurationPlatforms) = preSolution
		Debug|Any CPU = Debug|Any CPU
		Release|Any CPU = Release|Any CPU
	EndGlobalSection
	GlobalSection(ProjectConfigurationPlatforms) = postSolution
		{C62F58F6-D867-40AF-93B8-F617E726CFD4}.Debug|Any CPU.ActiveCfg = Debug|Any CPU
		{C62F58F6-D867-40AF-93B8-F617E726CFD4}.Debug|Any CPU.Build.0 = Debug|Any CPU
		{C62F58F6-D867-40AF-93B8-F617E726CFD4}.Release|Any CPU.ActiveCfg = Release|Any CPU
		{C62F58F6-D867-40AF-93B8-F617E726CFD4}.Release|Any CPU.Build.0 = Release|Any CPU
		{8A4A9D2C-995A-4921-A936-A4F031080BBA}.Debug|Any CPU.ActiveCfg = Debug|Any CPU
		{8A4A9D2C-995A-4921-A936-A4F031080BBA}.Debug|Any CPU.Build.0 = Debug|Any CPU
		{8A4A9D2C-995A-4921-A936-A4F031080BBA}.Release|Any CPU.ActiveCfg = Release|Any CPU
		{8A4A9D2C-995A-4921-A936-A4F031080BBA}.Release|Any CPU.Build.0 = Release|Any CPU
		{DFEF6D48-FC1A-413F-A91F-295FD69021A6}.Debug|Any CPU.ActiveCfg = Debug|Any CPU
		{DFEF6D48-FC1A-413F-A91F-295FD69021A6}.Debug|Any CPU.Build.0 = Debug|Any CPU
		{DFEF6D48-FC1A-413F-A91F-295FD69021A6}.Release|Any CPU.ActiveCfg = Release|Any CPU
		{DFEF6D48-FC1A-413F-A91F-295FD69021A6}.Release|Any CPU.Build.0 = Release|Any CPU
		{446D300B-449A-4A24-B159-CDB21893462F}.Debug|Any CPU.ActiveCfg = Debug|Any CPU
		{446D300B-449A-4A24-B159-CDB21893462F}.Debug|Any CPU.Build.0 = Debug|Any CPU
		{446D300B-449A-4A24-B159-CDB21893462F}.Release|Any CPU.ActiveCfg = Release|Any CPU
		{446D300B-449A-4A24-B159-CDB21893462F}.Release|Any CPU.Build.0 = Release|Any CPU
	EndGlobalSection
	GlobalSection(SolutionProperties) = preSolution
		HideSolutionNode = FALSE
	EndGlobalSection
	GlobalSection(NestedProjects) = preSolution
		{C62F58F6-D867-40AF-93B8-F617E726CFD4} = {3EC1B53D-C335-4482-9B6C-C9265C934A22}
		{22B786B1-A2D4-4968-B12A-3E27AD381079} = {1061E28F-539D-418C-9D00-F6249B0630A6}
		{8A4A9D2C-995A-4921-A936-A4F031080BBA} = {22B786B1-A2D4-4968-B12A-3E27AD381079}
		{DFEF6D48-FC1A-413F-A91F-295FD69021A6} = {366D56BF-BB6A-44B0-84FB-A03622B1B6B1}
		{446D300B-449A-4A24-B159-CDB21893462F} = {F3ACEEB8-0183-4891-81C7-A4139966EED0}
	EndGlobalSection
	GlobalSection(ExtensibilityGlobals) = postSolution
		SolutionGuid = {93794022-AE52-412A-9AFA-FFDA49CE4490}
	EndGlobalSection
EndGlobal
